<?xml version="1.0" encoding="utf-8"?>
<Project ToolsVersion="4.0" xmlns="http://schemas.microsoft.com/developer/msbuild/2003">
  <ItemGroup>
    <Filter Include="Source Files">
      <UniqueIdentifier>{4FC737F1-C7A5-4376-A066-2A32D752A2FF}</UniqueIdentifier>
      <Extensions>cpp;c;cc;cxx;def;odl;idl;hpj;bat;asm;asmx</Extensions>
    </Filter>
    <Filter Include="Header Files">
      <UniqueIdentifier>{93995380-89BD-4b04-88EB-625FBE52EBFB}</UniqueIdentifier>
      <Extensions>h;hh;hpp;hxx;hm;inl;inc;xsd</Extensions>
    </Filter>
    <Filter Include="Resource Files">
      <UniqueIdentifier>{67DA6AB6-F800-4c08-8B7A-83BB121AAD01}</UniqueIdentifier>
      <Extensions>rc;ico;cur;bmp;dlg;rc2;rct;bin;rgs;gif;jpg;jpeg;jpe;resx;tiff;tif;png;wav;mfcribbon-ms</Extensions>
    </Filter>
    <Filter Include="Commonclass">
      <UniqueIdentifier>{3ff89a80-b243-4296-9f70-a3f2ac0367b6}</UniqueIdentifier>
    </Filter>
    <Filter Include="Controls">
      <UniqueIdentifier>{aa96490b-4b56-45e8-9ef2-e9ea0f8eac85}</UniqueIdentifier>
    </Filter>
    <Filter Include="Mysql">
      <UniqueIdentifier>{100307f3-f843-4e97-a772-e971b53bf204}</UniqueIdentifier>
    </Filter>
    <Filter Include="Dialog">
      <UniqueIdentifier>{8be91ae1-826a-4f47-b6af-f22268f680f8}</UniqueIdentifier>
    </Filter>
  </ItemGroup>
  <ItemGroup>
    <Text Include="ReadMe.txt" />
  </ItemGroup>
  <ItemGroup>
    <ClInclude Include="LLServer.h">
      <Filter>Header Files</Filter>
    </ClInclude>
    <ClInclude Include="stdafx.h">
      <Filter>Header Files</Filter>
    </ClInclude>
    <ClInclude Include="targetver.h">
      <Filter>Header Files</Filter>
    </ClInclude>
    <ClInclude Include="Resource.h">
      <Filter>Header Files</Filter>
    </ClInclude>
    <ClInclude Include="Utils.h">
      <Filter>Header Files</Filter>
    </ClInclude>
    <ClInclude Include="..\commonclass\BufferMemDC.h">
      <Filter>Commonclass</Filter>
    </ClInclude>
    <ClInclude Include="..\commonclass\CDPI.h">
      <Filter>Commonclass</Filter>
    </ClInclude>
    <ClInclude Include="..\commonclass\GDIPlusH.h">
      <Filter>Commonclass</Filter>
    </ClInclude>
    <ClInclude Include="..\commonclass\GraphicsUtils.h">
      <Filter>Commonclass</Filter>
    </ClInclude>
    <ClInclude Include="..\Controls\ImgButton.h">
      <Filter>Controls</Filter>
    </ClInclude>
    <ClInclude Include="CommonHeader.h">
      <Filter>Header Files</Filter>
    </ClInclude>
    <ClInclude Include="..\Controls\StaticText.h">
      <Filter>Controls</Filter>
    </ClInclude>
    <ClInclude Include="..\Controls\GlassButton.h">
      <Filter>Controls</Filter>
    </ClInclude>
    <ClInclude Include="..\Controls\ImgGlassButton.h">
      <Filter>Controls</Filter>
    </ClInclude>
    <ClInclude Include="MysqlConn.h">
      <Filter>Mysql</Filter>
    </ClInclude>
    <ClInclude Include="LLServerDlg.h">
      <Filter>Dialog</Filter>
    </ClInclude>
    <ClInclude Include="OptionDlg.h">
      <Filter>Dialog</Filter>
    </ClInclude>
    <ClInclude Include="AccountDlg.h">
      <Filter>Dialog</Filter>
    </ClInclude>
    <ClInclude Include="DepartmentDlg.h">
      <Filter>Dialog</Filter>
    </ClInclude>
    <ClInclude Include="..\commonclass\Singleton.h">
      <Filter>Header Files</Filter>
    </ClInclude>
    <ClInclude Include="LLMysqlOperate.h">
      <Filter>Header Files</Filter>
    </ClInclude>
  </ItemGroup>
  <ItemGroup>
    <ClCompile Include="LLServer.cpp">
      <Filter>Source Files</Filter>
    </ClCompile>
    <ClCompile Include="stdafx.cpp">
      <Filter>Source Files</Filter>
    </ClCompile>
    <ClCompile Include="Utils.cpp">
      <Filter>Source Files</Filter>
    </ClCompile>
    <ClCompile Include="..\commonclass\GraphicsUtils.cpp">
      <Filter>Commonclass</Filter>
    </ClCompile>
    <ClCompile Include="..\Controls\ImgButton.cpp">
      <Filter>Controls</Filter>
    </ClCompile>
    <ClCompile Include="..\Controls\StaticText.cpp">
      <Filter>Controls</Filter>
    </ClCompile>
    <ClCompile Include="..\Controls\GlassButton.cpp">
      <Filter>Controls</Filter>
    </ClCompile>
    <ClCompile Include="..\Controls\ImgGlassButton.cpp">
      <Filter>Controls</Filter>
    </ClCompile>
    <ClCompile Include="MysqlConn.cpp">
      <Filter>Mysql</Filter>
    </ClCompile>
    <ClCompile Include="LLServerDlg.cpp">
      <Filter>Dialog</Filter>
    </ClCompile>
    <ClCompile Include="DepartmentDlg.cpp">
      <Filter>Dialog</Filter>
    </ClCompile>
    <ClCompile Include="AccountDlg.cpp">
      <Filter>Dialog</Filter>
    </ClCompile>
    <ClCompile Include="OptionDlg.cpp">
      <Filter>Dialog</Filter>
    </ClCompile>
    <ClCompile Include="LLMysqlOperate.cpp">
      <Filter>Source Files</Filter>
    </ClCompile>
  </ItemGroup>
  <ItemGroup>
    <ResourceCompile Include="LLServer.rc">
      <Filter>Resource Files</Filter>
    </ResourceCompile>
  </ItemGroup>
  <ItemGroup>
    <None Include="res\LLServer.rc2">
      <Filter>Resource Files</Filter>
    </None>
  </ItemGroup>
  <ItemGroup>
    <Image Include="res\LLServer.ico">
      <Filter>Resource Files</Filter>
    </Image>
    <Image Include="res\bitmap1.bmp">
      <Filter>Resource Files</Filter>
    </Image>
    <Image Include="res\hmylogo.png">
      <Filter>Resource Files</Filter>
    </Image>
    <Image Include="res\account.png">
      <Filter>Resource Files</Filter>
    </Image>
    <Image Include="res\department.png">
      <Filter>Resource Files</Filter>
    </Image>
  </ItemGroup>
</Project>